
Microsoft Visual Studio Solution File, Format Version 12.00
# Visual Studio Version 17
VisualStudioVersion = 17.0.31903.59
MinimumVisualStudioVersion = 10.0.40219.1
Project("{FAE04EC0-301F-11D3-BF4B-00C04F79EFBC}") = "NervWeb", "NervWeb\NervWeb.csproj", "{6D1A47B3-87DA-412C-9A25-0FDF688B6F3E}"
EndProject
Project("{FAE04EC0-301F-11D3-BF4B-00C04F79EFBC}") = "Nerv.DataAccess", "Nerv.DataAccess\Nerv.DataAccess.csproj", "{29F95871-7881-43C6-8942-2CA6296B32BA}"
EndProject
Project("{FAE04EC0-301F-11D3-BF4B-00C04F79EFBC}") = "Nerv.Models", "Nerv.Models\Nerv.Models.csproj", "{C7CAD709-F99A-4287-87A3-8C05835DD62E}"
EndProject
Project("{FAE04EC0-301F-11D3-BF4B-00C04F79EFBC}") = "Nerv.Utility", "Nerv.Utility\Nerv.Utility.csproj", "{9AC7C3E2-24FF-4B05-9778-DE02B4061978}"
EndProject
Global
	GlobalSection(SolutionConfigurationPlatforms) = preSolution
		Debug|Any CPU = Debug|Any CPU
		Release|Any CPU = Release|Any CPU
	EndGlobalSection
	GlobalSection(SolutionProperties) = preSolution
		HideSolutionNode = FALSE
	EndGlobalSection
	GlobalSection(ProjectConfigurationPlatforms) = postSolution
		{6D1A47B3-87DA-412C-9A25-0FDF688B6F3E}.Debug|Any CPU.ActiveCfg = Debug|Any CPU
		{6D1A47B3-87DA-412C-9A25-0FDF688B6F3E}.Debug|Any CPU.Build.0 = Debug|Any CPU
		{6D1A47B3-87DA-412C-9A25-0FDF688B6F3E}.Release|Any CPU.ActiveCfg = Release|Any CPU
		{6D1A47B3-87DA-412C-9A25-0FDF688B6F3E}.Release|Any CPU.Build.0 = Release|Any CPU
		{5250C22C-184C-400F-89BA-DF31DD712CF8}.Debug|Any CPU.ActiveCfg = Debug|Any CPU
		{5250C22C-184C-400F-89BA-DF31DD712CF8}.Debug|Any CPU.Build.0 = Debug|Any CPU
		{5250C22C-184C-400F-89BA-DF31DD712CF8}.Release|Any CPU.ActiveCfg = Release|Any CPU
		{5250C22C-184C-400F-89BA-DF31DD712CF8}.Release|Any CPU.Build.0 = Release|Any CPU
		{29F95871-7881-43C6-8942-2CA6296B32BA}.Debug|Any CPU.ActiveCfg = Debug|Any CPU
		{29F95871-7881-43C6-8942-2CA6296B32BA}.Debug|Any CPU.Build.0 = Debug|Any CPU
		{29F95871-7881-43C6-8942-2CA6296B32BA}.Release|Any CPU.ActiveCfg = Release|Any CPU
		{29F95871-7881-43C6-8942-2CA6296B32BA}.Release|Any CPU.Build.0 = Release|Any CPU
		{C7CAD709-F99A-4287-87A3-8C05835DD62E}.Debug|Any CPU.ActiveCfg = Debug|Any CPU
		{C7CAD709-F99A-4287-87A3-8C05835DD62E}.Debug|Any CPU.Build.0 = Debug|Any CPU
		{C7CAD709-F99A-4287-87A3-8C05835DD62E}.Release|Any CPU.ActiveCfg = Release|Any CPU
		{C7CAD709-F99A-4287-87A3-8C05835DD62E}.Release|Any CPU.Build.0 = Release|Any CPU
		{9AC7C3E2-24FF-4B05-9778-DE02B4061978}.Debug|Any CPU.ActiveCfg = Debug|Any CPU
		{9AC7C3E2-24FF-4B05-9778-DE02B4061978}.Debug|Any CPU.Build.0 = Debug|Any CPU
		{9AC7C3E2-24FF-4B05-9778-DE02B4061978}.Release|Any CPU.ActiveCfg = Release|Any CPU
		{9AC7C3E2-24FF-4B05-9778-DE02B4061978}.Release|Any CPU.Build.0 = Release|Any CPU
	EndGlobalSection
EndGlobal
